
Microsoft Visual Studio Solution File, Format Version 12.00
# Visual Studio 15
VisualStudioVersion = 15.0.27428.2043
MinimumVisualStudioVersion = 10.0.40219.1
Project("{FAE04EC0-301F-11D3-BF4B-00C04F79EFBC}") = "CatanWS", "CatanWS\CatanWS.csproj", "{A70317F6-E3D6-4C8E-B3FD-C0815ED0A63D}"
EndProject
Global
	GlobalSection(SolutionConfigurationPlatforms) = preSolution
		Debug|Any CPU = Debug|Any CPU
		Release|Any CPU = Release|Any CPU
	EndGlobalSection
	GlobalSection(ProjectConfigurationPlatforms) = postSolution
		{A70317F6-E3D6-4C8E-B3FD-C0815ED0A63D}.Debug|Any CPU.ActiveCfg = Debug|Any CPU
		{A70317F6-E3D6-4C8E-B3FD-C0815ED0A63D}.Debug|Any CPU.Build.0 = Debug|Any CPU
		{A70317F6-E3D6-4C8E-B3FD-C0815ED0A63D}.Release|Any CPU.ActiveCfg = Release|Any CPU
		{A70317F6-E3D6-4C8E-B3FD-C0815ED0A63D}.Release|Any CPU.Build.0 = Release|Any CPU
	EndGlobalSection
	GlobalSection(SolutionProperties) = preSolution
		HideSolutionNode = FALSE
	EndGlobalSection
	GlobalSection(ExtensibilityGlobals) = postSolution
		SolutionGuid = {AC1BF680-AF71-4598-A567-575416209B91}
	EndGlobalSection
EndGlobal
